
Microsoft Visual Studio Solution File, Format Version 12.00
# Visual Studio Version 16
VisualStudioVersion = 16.0.30907.101
MinimumVisualStudioVersion = 10.0.40219.1
Project("{9A19103F-16F7-4668-BE54-9A1E7A4F7556}") = "WPFUtility", "WPFUtility\WPFUtility.csproj", "{AD4454B9-AA26-47FB-8FB1-15353BFE89F5}"
EndProject
Project("{9A19103F-16F7-4668-BE54-9A1E7A4F7556}") = "VisualizerControl", "VisualizerControl\VisualizerControl.csproj", "{C3D98D67-4ACB-425C-9294-2F00AFEA2695}"
EndProject
Project("{9A19103F-16F7-4668-BE54-9A1E7A4F7556}") = "VisualizerBaseClasses", "VisualizerBaseClasses\VisualizerBaseClasses.csproj", "{5DE93A8F-C38F-40BA-9E53-7FF50EAEA0DD}"
EndProject
Project("{9A19103F-16F7-4668-BE54-9A1E7A4F7556}") = "Visualizer", "Visualizer\Visualizer.csproj", "{FB3D0F47-704D-4210-81B5-B5BE145EC0C2}"
EndProject
Project("{9A19103F-16F7-4668-BE54-9A1E7A4F7556}") = "PhysicsUtility", "PhysicsUtility\PhysicsUtility.csproj", "{DF5687E7-0223-4F0A-9D2C-B3B79206AC8D}"
EndProject
Project("{9A19103F-16F7-4668-BE54-9A1E7A4F7556}") = "MotionVisualizer3D", "MotionVisualizer3D\MotionVisualizer3D.csproj", "{852AAAF1-AF41-4D71-878E-B0EAC1D21C1A}"
EndProject
Project("{9A19103F-16F7-4668-BE54-9A1E7A4F7556}") = "MotionVisualizer", "MotionVisualizer\MotionVisualizer.csproj", "{3405B721-A242-422D-8378-FC4E7424C456}"
EndProject
Project("{9A19103F-16F7-4668-BE54-9A1E7A4F7556}") = "GraphData", "GraphData\GraphData.csproj", "{29D5DADC-25C0-4E86-A570-39EF56D9D40C}"
EndProject
Project("{9A19103F-16F7-4668-BE54-9A1E7A4F7556}") = "GraphControl", "GraphControl\GraphControl.csproj", "{8DE9A130-30D2-4EC6-AF8D-3CCA8748CD0A}"
EndProject
Project("{9A19103F-16F7-4668-BE54-9A1E7A4F7556}") = "Geometry", "Geometry\Geometry.csproj", "{1AA0BF35-39BE-4151-AE4E-039116881337}"
EndProject
Project("{9A19103F-16F7-4668-BE54-9A1E7A4F7556}") = "DongUtility", "DongUtility\DongUtility.csproj", "{34ED16E8-B161-4091-9A4C-33C3E3307044}"
EndProject
Project("{2150E333-8FDC-42A3-9474-1A3956D46DE8}") = "Framework", "Framework", "{DA6A4808-9D05-4F33-91F5-2E3DC3D1E190}"
EndProject
Global
	GlobalSection(SolutionConfigurationPlatforms) = preSolution
		Debug|Any CPU = Debug|Any CPU
		Release|Any CPU = Release|Any CPU
	EndGlobalSection
	GlobalSection(ProjectConfigurationPlatforms) = postSolution
		{AD4454B9-AA26-47FB-8FB1-15353BFE89F5}.Debug|Any CPU.ActiveCfg = Debug|Any CPU
		{AD4454B9-AA26-47FB-8FB1-15353BFE89F5}.Debug|Any CPU.Build.0 = Debug|Any CPU
		{AD4454B9-AA26-47FB-8FB1-15353BFE89F5}.Release|Any CPU.ActiveCfg = Release|Any CPU
		{AD4454B9-AA26-47FB-8FB1-15353BFE89F5}.Release|Any CPU.Build.0 = Release|Any CPU
		{C3D98D67-4ACB-425C-9294-2F00AFEA2695}.Debug|Any CPU.ActiveCfg = Debug|Any CPU
		{C3D98D67-4ACB-425C-9294-2F00AFEA2695}.Debug|Any CPU.Build.0 = Debug|Any CPU
		{C3D98D67-4ACB-425C-9294-2F00AFEA2695}.Release|Any CPU.ActiveCfg = Release|Any CPU
		{C3D98D67-4ACB-425C-9294-2F00AFEA2695}.Release|Any CPU.Build.0 = Release|Any CPU
		{5DE93A8F-C38F-40BA-9E53-7FF50EAEA0DD}.Debug|Any CPU.ActiveCfg = Debug|Any CPU
		{5DE93A8F-C38F-40BA-9E53-7FF50EAEA0DD}.Debug|Any CPU.Build.0 = Debug|Any CPU
		{5DE93A8F-C38F-40BA-9E53-7FF50EAEA0DD}.Release|Any CPU.ActiveCfg = Release|Any CPU
		{5DE93A8F-C38F-40BA-9E53-7FF50EAEA0DD}.Release|Any CPU.Build.0 = Release|Any CPU
		{FB3D0F47-704D-4210-81B5-B5BE145EC0C2}.Debug|Any CPU.ActiveCfg = Debug|Any CPU
		{FB3D0F47-704D-4210-81B5-B5BE145EC0C2}.Debug|Any CPU.Build.0 = Debug|Any CPU
		{FB3D0F47-704D-4210-81B5-B5BE145EC0C2}.Release|Any CPU.ActiveCfg = Release|Any CPU
		{FB3D0F47-704D-4210-81B5-B5BE145EC0C2}.Release|Any CPU.Build.0 = Release|Any CPU
		{DF5687E7-0223-4F0A-9D2C-B3B79206AC8D}.Debug|Any CPU.ActiveCfg = Debug|Any CPU
		{DF5687E7-0223-4F0A-9D2C-B3B79206AC8D}.Debug|Any CPU.Build.0 = Debug|Any CPU
		{DF5687E7-0223-4F0A-9D2C-B3B79206AC8D}.Release|Any CPU.ActiveCfg = Release|Any CPU
		{DF5687E7-0223-4F0A-9D2C-B3B79206AC8D}.Release|Any CPU.Build.0 = Release|Any CPU
		{852AAAF1-AF41-4D71-878E-B0EAC1D21C1A}.Debug|Any CPU.ActiveCfg = Debug|Any CPU
		{852AAAF1-AF41-4D71-878E-B0EAC1D21C1A}.Debug|Any CPU.Build.0 = Debug|Any CPU
		{852AAAF1-AF41-4D71-878E-B0EAC1D21C1A}.Release|Any CPU.ActiveCfg = Release|Any CPU
		{852AAAF1-AF41-4D71-878E-B0EAC1D21C1A}.Release|Any CPU.Build.0 = Release|Any CPU
		{3405B721-A242-422D-8378-FC4E7424C456}.Debug|Any CPU.ActiveCfg = Debug|Any CPU
		{3405B721-A242-422D-8378-FC4E7424C456}.Debug|Any CPU.Build.0 = Debug|Any CPU
		{3405B721-A242-422D-8378-FC4E7424C456}.Release|Any CPU.ActiveCfg = Release|Any CPU
		{3405B721-A242-422D-8378-FC4E7424C456}.Release|Any CPU.Build.0 = Release|Any CPU
		{29D5DADC-25C0-4E86-A570-39EF56D9D40C}.Debug|Any CPU.ActiveCfg = Debug|Any CPU
		{29D5DADC-25C0-4E86-A570-39EF56D9D40C}.Debug|Any CPU.Build.0 = Debug|Any CPU
		{29D5DADC-25C0-4E86-A570-39EF56D9D40C}.Release|Any CPU.ActiveCfg = Release|Any CPU
		{29D5DADC-25C0-4E86-A570-39EF56D9D40C}.Release|Any CPU.Build.0 = Release|Any CPU
		{8DE9A130-30D2-4EC6-AF8D-3CCA8748CD0A}.Debug|Any CPU.ActiveCfg = Debug|Any CPU
		{8DE9A130-30D2-4EC6-AF8D-3CCA8748CD0A}.Debug|Any CPU.Build.0 = Debug|Any CPU
		{8DE9A130-30D2-4EC6-AF8D-3CCA8748CD0A}.Release|Any CPU.ActiveCfg = Release|Any CPU
		{8DE9A130-30D2-4EC6-AF8D-3CCA8748CD0A}.Release|Any CPU.Build.0 = Release|Any CPU
		{1AA0BF35-39BE-4151-AE4E-039116881337}.Debug|Any CPU.ActiveCfg = Debug|Any CPU
		{1AA0BF35-39BE-4151-AE4E-039116881337}.Debug|Any CPU.Build.0 = Debug|Any CPU
		{1AA0BF35-39BE-4151-AE4E-039116881337}.Release|Any CPU.ActiveCfg = Release|Any CPU
		{1AA0BF35-39BE-4151-AE4E-039116881337}.Release|Any CPU.Build.0 = Release|Any CPU
		{34ED16E8-B161-4091-9A4C-33C3E3307044}.Debug|Any CPU.ActiveCfg = Debug|Any CPU
		{34ED16E8-B161-4091-9A4C-33C3E3307044}.Debug|Any CPU.Build.0 = Debug|Any CPU
		{34ED16E8-B161-4091-9A4C-33C3E3307044}.Release|Any CPU.ActiveCfg = Release|Any CPU
		{34ED16E8-B161-4091-9A4C-33C3E3307044}.Release|Any CPU.Build.0 = Release|Any CPU
	EndGlobalSection
	GlobalSection(SolutionProperties) = preSolution
		HideSolutionNode = FALSE
	EndGlobalSection
	GlobalSection(NestedProjects) = preSolution
		{AD4454B9-AA26-47FB-8FB1-15353BFE89F5} = {DA6A4808-9D05-4F33-91F5-2E3DC3D1E190}
		{C3D98D67-4ACB-425C-9294-2F00AFEA2695} = {DA6A4808-9D05-4F33-91F5-2E3DC3D1E190}
		{5DE93A8F-C38F-40BA-9E53-7FF50EAEA0DD} = {DA6A4808-9D05-4F33-91F5-2E3DC3D1E190}
		{DF5687E7-0223-4F0A-9D2C-B3B79206AC8D} = {DA6A4808-9D05-4F33-91F5-2E3DC3D1E190}
		{852AAAF1-AF41-4D71-878E-B0EAC1D21C1A} = {DA6A4808-9D05-4F33-91F5-2E3DC3D1E190}
		{3405B721-A242-422D-8378-FC4E7424C456} = {DA6A4808-9D05-4F33-91F5-2E3DC3D1E190}
		{29D5DADC-25C0-4E86-A570-39EF56D9D40C} = {DA6A4808-9D05-4F33-91F5-2E3DC3D1E190}
		{8DE9A130-30D2-4EC6-AF8D-3CCA8748CD0A} = {DA6A4808-9D05-4F33-91F5-2E3DC3D1E190}
		{1AA0BF35-39BE-4151-AE4E-039116881337} = {DA6A4808-9D05-4F33-91F5-2E3DC3D1E190}
		{34ED16E8-B161-4091-9A4C-33C3E3307044} = {DA6A4808-9D05-4F33-91F5-2E3DC3D1E190}
	EndGlobalSection
	GlobalSection(ExtensibilityGlobals) = postSolution
		SolutionGuid = {FD3ED02E-210B-4970-B073-065EDFD91E74}
	EndGlobalSection
EndGlobal
